# This file was autogenerated by Stack.
# You should not edit this file by hand.
# For more information, please see the documentation at:
#   https://docs.haskellstack.org/en/stable/lock_files

packages:
- completed:
    hackage: QuickCheck-2.14@sha256:3f536a4b86bef7ec39025f04ef8d76c5ac5a78ba0b42e660b25d0a8f9c811045,7004
    pantry-tree:
      size: 2203
      sha256: 7067593c50ff2e5e83c637ac73009f4bd8f43c29ff256e976bbb14674033abe9
  original:
    hackage: QuickCheck-2.14
- completed:
    hackage: checkers-0.6.0@sha256:765589cf3f792dc8498bd400d253e990f0d03f2e761445f7f036651fb8d391ff,2106
    pantry-tree:
      size: 1367
      sha256: 0ad03a7e196577c95bbdb6893ded78969aca62aefd49ed31f5b5adc7f6b0cc1e
  original:
    hackage: checkers-0.6.0
- completed:
    hackage: random-1.1@sha256:7b67624fd76ddf97c206de0801dc7e888097e9d572974be9b9ea6551d76965df,1777
    pantry-tree:
      size: 637
      sha256: 14a1b01728c5584e87c9fa00746a66e28ffd89dd2c0eabd334c8463953496e1b
  original:
    hackage: random-1.1@sha256:7b67624fd76ddf97c206de0801dc7e888097e9d572974be9b9ea6551d76965df,1777
- completed:
    hackage: splitmix-0.0.5@sha256:4a49661be63f5aea0e132e9ab51be918789bb4dceb4ab9b15b85ba9cbbef5999,5412
    pantry-tree:
      size: 1148
      sha256: b41d4f60cfabab8b02840906191013ee06fe2357371103a471c7cc55eda9e462
  original:
    hackage: splitmix-0.0.5@sha256:4a49661be63f5aea0e132e9ab51be918789bb4dceb4ab9b15b85ba9cbbef5999,5412
- completed:
    hackage: semigroupoids-5.3.7@sha256:fb1a86c250997c269106645724a67bc358235245cf385b589f855ac070d4ada0,7488
    pantry-tree:
      size: 2404
      sha256: 1ddbcc4c07bb3a195e718ecd432caa37f9b25c4d4b3fe270d16f480a3d925c4a
  original:
    hackage: semigroupoids-5.3.7@sha256:fb1a86c250997c269106645724a67bc358235245cf385b589f855ac070d4ada0,7488
- completed:
    hackage: base-orphans-0.8.6@sha256:eb6758d0160d607e0c45dbd6b196f515b9a589fd4f6d2f926929dd5d56282d37,3175
    pantry-tree:
      size: 1272
      sha256: f889d6903383305688e6e703982bfdc985649b7d4538429e44f98f99d8f73c07
  original:
    hackage: base-orphans-0.8.6@sha256:eb6758d0160d607e0c45dbd6b196f515b9a589fd4f6d2f926929dd5d56282d37,3175
- completed:
    hackage: bifunctors-5.5.12@sha256:6c13bd960633e779673717f560209827d001486fc65e07c92c88867f6bf2050a,3794
    pantry-tree:
      size: 1758
      sha256: 57bfb3fb91de3561aca360f5a6565ebda9e444e063fcf47d9fff3fb79c0a6abc
  original:
    hackage: bifunctors-5.5.12@sha256:6c13bd960633e779673717f560209827d001486fc65e07c92c88867f6bf2050a,3794
- completed:
    hackage: comonad-5.0.8@sha256:1f1aabd73ec7f80f20cf078a748a60cd48d8e57277802fdf6a9ab3601a9b8f7e,3631
    pantry-tree:
      size: 1618
      sha256: 394660fe7fa4127e5a181890bce28b9fcd6eb180ba25aa5566bc8b5bdd385517
  original:
    hackage: comonad-5.0.8@sha256:1f1aabd73ec7f80f20cf078a748a60cd48d8e57277802fdf6a9ab3601a9b8f7e,3631
- completed:
    hackage: contravariant-1.5.5@sha256:470ed0e040e879e2da4af1b2c8f94e199f6135852a8107858d5ae0a95365835f,3041
    pantry-tree:
      size: 652
      sha256: 9eb62fea28548dc8a0f60fd47c12843092b78b24ed771b8ad63a0bb34dba8bc4
  original:
    hackage: contravariant-1.5.5@sha256:470ed0e040e879e2da4af1b2c8f94e199f6135852a8107858d5ae0a95365835f,3041
- completed:
    hackage: distributive-0.6.2.1@sha256:0f99f5541cca04acf89b64432b03422b6408e830a8dff30e6c4334ef1a48680c,2996
    pantry-tree:
      size: 735
      sha256: a42bed5fe0ba295643538312dee6c9436314c05a6f7efdd32b4303979f8bd744
  original:
    hackage: distributive-0.6.2.1@sha256:0f99f5541cca04acf89b64432b03422b6408e830a8dff30e6c4334ef1a48680c,2996
- completed:
    hackage: hashable-1.4.0.2@sha256:0cddd0229d1aac305ea0404409c0bbfab81f075817bd74b8b2929eff58333e55,5005
    pantry-tree:
      size: 1248
      sha256: 51dda0aa70849588d074125f324beba1c8736cfa486e7f4a90a798b1d0e6019d
  original:
    hackage: hashable-1.4.0.2@sha256:0cddd0229d1aac305ea0404409c0bbfab81f075817bd74b8b2929eff58333e55,5005
- completed:
    hackage: tagged-0.8.6.1@sha256:29c67d98a4404607f024750ab9c7210dadcbbef4e1944c48c52902f2071b2662,2874
    pantry-tree:
      size: 496
      sha256: 4548d4f2d43e25a182ac6f5da34364c4a41a1da88468c671445a0bf2a70c130c
  original:
    hackage: tagged-0.8.6.1@sha256:29c67d98a4404607f024750ab9c7210dadcbbef4e1944c48c52902f2071b2662,2874
- completed:
    hackage: transformers-compat-0.7.1@sha256:873ef500790cae136d14b2e890da1fe4df963e372f21b1671fa3c6cdfb23b10f,5807
    pantry-tree:
      size: 1724
      sha256: e55fbafc570488d3303ed79c7e3e74413dabbbe4a9d860d1958e5a1b27930079
  original:
    hackage: transformers-compat-0.7.1@sha256:873ef500790cae136d14b2e890da1fe4df963e372f21b1671fa3c6cdfb23b10f,5807
- completed:
    hackage: unordered-containers-0.2.19.1@sha256:7d43e557b32a30eeac22e68b8430384bf829b0b2313761026a7f103395b047d5,3638
    pantry-tree:
      size: 1517
      sha256: 1870de393820b94af9efb8fcdd31940543569cdcd3d13296bc224438b2b107d8
  original:
    hackage: unordered-containers-0.2.19.1@sha256:7d43e557b32a30eeac22e68b8430384bf829b0b2313761026a7f103395b047d5,3638
- completed:
    hackage: StateVar-1.2.2@sha256:3c022c00485fe165e3080d5da6b3ca9c9b02f62c5deebc584d1b3d1309ce673e,1673
    pantry-tree:
      size: 314
      sha256: 204cac98219e99334f47b12c565945611748ea03a4d629273dd697d738bcfd7f
  original:
    hackage: StateVar-1.2.2@sha256:3c022c00485fe165e3080d5da6b3ca9c9b02f62c5deebc584d1b3d1309ce673e,1673
- completed:
    hackage: indexed-traversable-0.1.2@sha256:d66228887242f93ccb4fc7101a1e25a6560c8e4708f6e9ee1d3dd21901756c65,2519
    pantry-tree:
      size: 495
      sha256: 7edfd8672d45016089df7227d9f6452117632a7236d4e71b24a2a1041cab4701
  original:
    hackage: indexed-traversable-0.1.2@sha256:d66228887242f93ccb4fc7101a1e25a6560c8e4708f6e9ee1d3dd21901756c65,2519
- completed:
    hackage: th-abstraction-0.4.3.0@sha256:db4b3b69398acd8a7c5c8cc8a962da55d65d05d44d5039b51bd3cb5fb3d8400f,2148
    pantry-tree:
      size: 670
      sha256: cd2d3fd020b3c6b415e41c71b60999ca7dd14918b056e15e090f640cba1feed8
  original:
    hackage: th-abstraction-0.4.3.0@sha256:db4b3b69398acd8a7c5c8cc8a962da55d65d05d44d5039b51bd3cb5fb3d8400f,2148
snapshots: []
